
Microsoft Visual Studio Solution File, Format Version 12.00
# Visual Studio Version 16
VisualStudioVersion = 16.0.30804.86
MinimumVisualStudioVersion = 10.0.40219.1
Project("{FAE04EC0-301F-11D3-BF4B-00C04F79EFBC}") = "BlazorSamples.Server", "BlazorSamples\Server\BlazorSamples.Server.csproj", "{99A03B6B-C2C4-4141-B295-FF427B845872}"
EndProject
Project("{FAE04EC0-301F-11D3-BF4B-00C04F79EFBC}") = "BlazorSamples.Client", "BlazorSamples\Client\BlazorSamples.Client.csproj", "{7947A9B2-763C-4B73-B477-F32E50B7D93D}"
EndProject
Project("{FAE04EC0-301F-11D3-BF4B-00C04F79EFBC}") = "BlazorSamples.Shared", "BlazorSamples\Shared\BlazorSamples.Shared.csproj", "{56B8DDCC-2522-47F5-AFF7-68526AA22B80}"
EndProject
Global
	GlobalSection(SolutionConfigurationPlatforms) = preSolution
		Debug|Any CPU = Debug|Any CPU
		Release|Any CPU = Release|Any CPU
	EndGlobalSection
	GlobalSection(ProjectConfigurationPlatforms) = postSolution
		{99A03B6B-C2C4-4141-B295-FF427B845872}.Debug|Any CPU.ActiveCfg = Debug|Any CPU
		{99A03B6B-C2C4-4141-B295-FF427B845872}.Debug|Any CPU.Build.0 = Debug|Any CPU
		{99A03B6B-C2C4-4141-B295-FF427B845872}.Release|Any CPU.ActiveCfg = Release|Any CPU
		{99A03B6B-C2C4-4141-B295-FF427B845872}.Release|Any CPU.Build.0 = Release|Any CPU
		{7947A9B2-763C-4B73-B477-F32E50B7D93D}.Debug|Any CPU.ActiveCfg = Debug|Any CPU
		{7947A9B2-763C-4B73-B477-F32E50B7D93D}.Debug|Any CPU.Build.0 = Debug|Any CPU
		{7947A9B2-763C-4B73-B477-F32E50B7D93D}.Release|Any CPU.ActiveCfg = Release|Any CPU
		{7947A9B2-763C-4B73-B477-F32E50B7D93D}.Release|Any CPU.Build.0 = Release|Any CPU
		{56B8DDCC-2522-47F5-AFF7-68526AA22B80}.Debug|Any CPU.ActiveCfg = Debug|Any CPU
		{56B8DDCC-2522-47F5-AFF7-68526AA22B80}.Debug|Any CPU.Build.0 = Debug|Any CPU
		{56B8DDCC-2522-47F5-AFF7-68526AA22B80}.Release|Any CPU.ActiveCfg = Release|Any CPU
		{56B8DDCC-2522-47F5-AFF7-68526AA22B80}.Release|Any CPU.Build.0 = Release|Any CPU
	EndGlobalSection
	GlobalSection(SolutionProperties) = preSolution
		HideSolutionNode = FALSE
	EndGlobalSection
	GlobalSection(ExtensibilityGlobals) = postSolution
		SolutionGuid = {E29A3DFC-7C3B-414A-901F-76FCF9CE2E2D}
	EndGlobalSection
EndGlobal
